// !$*UTF8*$!
{
	archiveVersion = 1;
	classes = {
	};
	objectVersion = 55;
	objects = {

/* Begin PBXBuildFile section */
		5440361727CD352C008C2683 /* Tests_iOS.swift in Sources */ = {isa = PBXBuildFile; fileRef = 5440361627CD352C008C2683 /* Tests_iOS.swift */; };
		5440361927CD352C008C2683 /* Tests_iOSLaunchTests.swift in Sources */ = {isa = PBXBuildFile; fileRef = 5440361827CD352C008C2683 /* Tests_iOSLaunchTests.swift */; };
		5440362327CD352C008C2683 /* Tests_macOS.swift in Sources */ = {isa = PBXBuildFile; fileRef = 5440362227CD352C008C2683 /* Tests_macOS.swift */; };
		5440362527CD352C008C2683 /* Tests_macOSLaunchTests.swift in Sources */ = {isa = PBXBuildFile; fileRef = 5440362427CD352C008C2683 /* Tests_macOSLaunchTests.swift */; };
		5440362627CD352C008C2683 /* sapperApp.swift in Sources */ = {isa = PBXBuildFile; fileRef = 544035FE27CD352B008C2683 /* sapperApp.swift */; };
		5440362727CD352C008C2683 /* sapperApp.swift in Sources */ = {isa = PBXBuildFile; fileRef = 544035FE27CD352B008C2683 /* sapperApp.swift */; };
		5440362A27CD352C008C2683 /* Assets.xcassets in Resources */ = {isa = PBXBuildFile; fileRef = 5440360027CD352C008C2683 /* Assets.xcassets */; };
		5440362B27CD352C008C2683 /* Assets.xcassets in Resources */ = {isa = PBXBuildFile; fileRef = 5440360027CD352C008C2683 /* Assets.xcassets */; };
		5440363B27CD359F008C2683 /* FieldView.swift in Sources */ = {isa = PBXBuildFile; fileRef = 5440363A27CD359F008C2683 /* FieldView.swift */; };
		5440363C27CD359F008C2683 /* FieldView.swift in Sources */ = {isa = PBXBuildFile; fileRef = 5440363A27CD359F008C2683 /* FieldView.swift */; };
		5440363E27CD3D82008C2683 /* Cell.swift in Sources */ = {isa = PBXBuildFile; fileRef = 5440363D27CD3D82008C2683 /* Cell.swift */; };
		5440363F27CD3D82008C2683 /* Cell.swift in Sources */ = {isa = PBXBuildFile; fileRef = 5440363D27CD3D82008C2683 /* Cell.swift */; };
		5440364127CD602C008C2683 /* Game.swift in Sources */ = {isa = PBXBuildFile; fileRef = 5440364027CD602C008C2683 /* Game.swift */; };
		5440364227CD602C008C2683 /* Game.swift in Sources */ = {isa = PBXBuildFile; fileRef = 5440364027CD602C008C2683 /* Game.swift */; };
		5453200A27D004F100275E36 /* ContentView.swift in Sources */ = {isa = PBXBuildFile; fileRef = 5453200927D004F100275E36 /* ContentView.swift */; };
		5453200B27D004F100275E36 /* ContentView.swift in Sources */ = {isa = PBXBuildFile; fileRef = 5453200927D004F100275E36 /* ContentView.swift */; };
		5453200E27D00B3100275E36 /* macOSView.swift in Sources */ = {isa = PBXBuildFile; fileRef = 5453200D27D00B3100275E36 /* macOSView.swift */; };
		5453201027D00B9000275E36 /* iOSView.swift in Sources */ = {isa = PBXBuildFile; fileRef = 5453200F27D00B9000275E36 /* iOSView.swift */; };
		5453201327D00F2700275E36 /* Field.swift in Sources */ = {isa = PBXBuildFile; fileRef = 5453201227D00F2700275E36 /* Field.swift */; };
		5453201427D00F2700275E36 /* Field.swift in Sources */ = {isa = PBXBuildFile; fileRef = 5453201227D00F2700275E36 /* Field.swift */; };
/* End PBXBuildFile section */

/* Begin PBXContainerItemProxy section */
		5440361327CD352C008C2683 /* PBXContainerItemProxy */ = {
			isa = PBXContainerItemProxy;
			containerPortal = 544035F927CD352B008C2683 /* Project object */;
			proxyType = 1;
			remoteGlobalIDString = 5440360427CD352C008C2683;
			remoteInfo = "sapper (iOS)";
		};
		5440361F27CD352C008C2683 /* PBXContainerItemProxy */ = {
			isa = PBXContainerItemProxy;
			containerPortal = 544035F927CD352B008C2683 /* Project object */;
			proxyType = 1;
			remoteGlobalIDString = 5440360A27CD352C008C2683;
			remoteInfo = "sapper (macOS)";
		};
/* End PBXContainerItemProxy section */

/* Begin PBXFileReference section */
		544035FE27CD352B008C2683 /* sapperApp.swift */ = {isa = PBXFileReference; lastKnownFileType = sourcecode.swift; path = sapperApp.swift; sourceTree = "<group>"; };
		5440360027CD352C008C2683 /* Assets.xcassets */ = {isa = PBXFileReference; lastKnownFileType = folder.assetcatalog; path = Assets.xcassets; sourceTree = "<group>"; };
		5440360527CD352C008C2683 /* sapper.app */ = {isa = PBXFileReference; explicitFileType = wrapper.application; includeInIndex = 0; path = sapper.app; sourceTree = BUILT_PRODUCTS_DIR; };
		5440360B27CD352C008C2683 /* sapper.app */ = {isa = PBXFileReference; explicitFileType = wrapper.application; includeInIndex = 0; path = sapper.app; sourceTree = BUILT_PRODUCTS_DIR; };
		5440360D27CD352C008C2683 /* macOS.entitlements */ = {isa = PBXFileReference; lastKnownFileType = text.plist.entitlements; path = macOS.entitlements; sourceTree = "<group>"; };
		5440361227CD352C008C2683 /* Tests iOS.xctest */ = {isa = PBXFileReference; explicitFileType = wrapper.cfbundle; includeInIndex = 0; path = "Tests iOS.xctest"; sourceTree = BUILT_PRODUCTS_DIR; };
		5440361627CD352C008C2683 /* Tests_iOS.swift */ = {isa = PBXFileReference; lastKnownFileType = sourcecode.swift; path = Tests_iOS.swift; sourceTree = "<group>"; };
		5440361827CD352C008C2683 /* Tests_iOSLaunchTests.swift */ = {isa = PBXFileReference; lastKnownFileType = sourcecode.swift; path = Tests_iOSLaunchTests.swift; sourceTree = "<group>"; };
		5440361E27CD352C008C2683 /* Tests macOS.xctest */ = {isa = PBXFileReference; explicitFileType = wrapper.cfbundle; includeInIndex = 0; path = "Tests macOS.xctest"; sourceTree = BUILT_PRODUCTS_DIR; };
		5440362227CD352C008C2683 /* Tests_macOS.swift */ = {isa = PBXFileReference; lastKnownFileType = sourcecode.swift; path = Tests_macOS.swift; sourceTree = "<group>"; };
		5440362427CD352C008C2683 /* Tests_macOSLaunchTests.swift */ = {isa = PBXFileReference; lastKnownFileType = sourcecode.swift; path = Tests_macOSLaunchTests.swift; sourceTree = "<group>"; };
		5440363A27CD359F008C2683 /* FieldView.swift */ = {isa = PBXFileReference; lastKnownFileType = sourcecode.swift; path = FieldView.swift; sourceTree = "<group>"; };
		5440363D27CD3D82008C2683 /* Cell.swift */ = {isa = PBXFileReference; lastKnownFileType = sourcecode.swift; path = Cell.swift; sourceTree = "<group>"; };
		5440364027CD602C008C2683 /* Game.swift */ = {isa = PBXFileReference; lastKnownFileType = sourcecode.swift; path = Game.swift; sourceTree = "<group>"; };
		5453200927D004F100275E36 /* ContentView.swift */ = {isa = PBXFileReference; lastKnownFileType = sourcecode.swift; path = ContentView.swift; sourceTree = "<group>"; };
		5453200D27D00B3100275E36 /* macOSView.swift */ = {isa = PBXFileReference; lastKnownFileType = sourcecode.swift; path = macOSView.swift; sourceTree = "<group>"; };
		5453200F27D00B9000275E36 /* iOSView.swift */ = {isa = PBXFileReference; lastKnownFileType = sourcecode.swift; path = iOSView.swift; sourceTree = "<group>"; };
		5453201227D00F2700275E36 /* Field.swift */ = {isa = PBXFileReference; lastKnownFileType = sourcecode.swift; path = Field.swift; sourceTree = "<group>"; };
/* End PBXFileReference section */

/* Begin PBXFrameworksBuildPhase section */
		5440360227CD352C008C2683 /* Frameworks */ = {
			isa = PBXFrameworksBuildPhase;
			buildActionMask = 2147483647;
			files = (
			);
			runOnlyForDeploymentPostprocessing = 0;
		};
		5440360827CD352C008C2683 /* Frameworks */ = {
			isa = PBXFrameworksBuildPhase;
			buildActionMask = 2147483647;
			files = (
			);
			runOnlyForDeploymentPostprocessing = 0;
		};
		5440360F27CD352C008C2683 /* Frameworks */ = {
			isa = PBXFrameworksBuildPhase;
			buildActionMask = 2147483647;
			files = (
			);
			runOnlyForDeploymentPostprocessing = 0;
		};
		5440361B27CD352C008C2683 /* Frameworks */ = {
			isa = PBXFrameworksBuildPhase;
			buildActionMask = 2147483647;
			files = (
			);
			runOnlyForDeploymentPostprocessing = 0;
		};
/* End PBXFrameworksBuildPhase section */

/* Begin PBXGroup section */
		544035F827CD352B008C2683 = {
			isa = PBXGroup;
			children = (
				544035FD27CD352B008C2683 /* Shared */,
				5440360C27CD352C008C2683 /* macOS */,
				5440361527CD352C008C2683 /* Tests iOS */,
				5440362127CD352C008C2683 /* Tests macOS */,
				5440360627CD352C008C2683 /* Products */,
			);
			sourceTree = "<group>";
		};
		544035FD27CD352B008C2683 /* Shared */ = {
			isa = PBXGroup;
			children = (
				5453201127D00EA700275E36 /* Logic */,
				5453200C27D0050500275E36 /* View */,
				544035FE27CD352B008C2683 /* sapperApp.swift */,
				5440360027CD352C008C2683 /* Assets.xcassets */,
			);
			path = Shared;
			sourceTree = "<group>";
		};
		5440360627CD352C008C2683 /* Products */ = {
			isa = PBXGroup;
			children = (
				5440360527CD352C008C2683 /* sapper.app */,
				5440360B27CD352C008C2683 /* sapper.app */,
				5440361227CD352C008C2683 /* Tests iOS.xctest */,
				5440361E27CD352C008C2683 /* Tests macOS.xctest */,
			);
			name = Products;
			sourceTree = "<group>";
		};
		5440360C27CD352C008C2683 /* macOS */ = {
			isa = PBXGroup;
			children = (
				5440360D27CD352C008C2683 /* macOS.entitlements */,
			);
			path = macOS;
			sourceTree = "<group>";
		};
		5440361527CD352C008C2683 /* Tests iOS */ = {
			isa = PBXGroup;
			children = (
				5440361627CD352C008C2683 /* Tests_iOS.swift */,
				5440361827CD352C008C2683 /* Tests_iOSLaunchTests.swift */,
			);
			path = "Tests iOS";
			sourceTree = "<group>";
		};
		5440362127CD352C008C2683 /* Tests macOS */ = {
			isa = PBXGroup;
			children = (
				5440362227CD352C008C2683 /* Tests_macOS.swift */,
				5440362427CD352C008C2683 /* Tests_macOSLaunchTests.swift */,
			);
			path = "Tests macOS";
			sourceTree = "<group>";
		};
		5453200C27D0050500275E36 /* View */ = {
			isa = PBXGroup;
			children = (
				5453200927D004F100275E36 /* ContentView.swift */,
				5440363A27CD359F008C2683 /* FieldView.swift */,
				5453200D27D00B3100275E36 /* macOSView.swift */,
				5453200F27D00B9000275E36 /* iOSView.swift */,
			);
			path = View;
			sourceTree = "<group>";
		};
		5453201127D00EA700275E36 /* Logic */ = {
			isa = PBXGroup;
			children = (
				5440364027CD602C008C2683 /* Game.swift */,
				5440363D27CD3D82008C2683 /* Cell.swift */,
				5453201227D00F2700275E36 /* Field.swift */,
			);
			path = Logic;
			sourceTree = "<group>";
		};
/* End PBXGroup section */

/* Begin PBXNativeTarget section */
		5440360427CD352C008C2683 /* sapper (iOS) */ = {
			isa = PBXNativeTarget;
			buildConfigurationList = 5440362E27CD352C008C2683 /* Build configuration list for PBXNativeTarget "sapper (iOS)" */;
			buildPhases = (
				5440360127CD352C008C2683 /* Sources */,
				5440360227CD352C008C2683 /* Frameworks */,
				5440360327CD352C008C2683 /* Resources */,
			);
			buildRules = (
			);
			dependencies = (
			);
			name = "sapper (iOS)";
			productName = "sapper (iOS)";
			productReference = 5440360527CD352C008C2683 /* sapper.app */;
			productType = "com.apple.product-type.application";
		};
		5440360A27CD352C008C2683 /* sapper (macOS) */ = {
			isa = PBXNativeTarget;
			buildConfigurationList = 5440363127CD352C008C2683 /* Build configuration list for PBXNativeTarget "sapper (macOS)" */;
			buildPhases = (
				5440360727CD352C008C2683 /* Sources */,
				5440360827CD352C008C2683 /* Frameworks */,
				5440360927CD352C008C2683 /* Resources */,
			);
			buildRules = (
			);
			dependencies = (
			);
			name = "sapper (macOS)";
			productName = "sapper (macOS)";
			productReference = 5440360B27CD352C008C2683 /* sapper.app */;
			productType = "com.apple.product-type.application";
		};
		5440361127CD352C008C2683 /* Tests iOS */ = {
			isa = PBXNativeTarget;
			buildConfigurationList = 5440363427CD352C008C2683 /* Build configuration list for PBXNativeTarget "Tests iOS" */;
			buildPhases = (
				5440360E27CD352C008C2683 /* Sources */,
				5440360F27CD352C008C2683 /* Frameworks */,
				5440361027CD352C008C2683 /* Resources */,
			);
			buildRules = (
			);
			dependencies = (
				5440361427CD352C008C2683 /* PBXTargetDependency */,
			);
			name = "Tests iOS";
			productName = "Tests iOS";
			productReference = 5440361227CD352C008C2683 /* Tests iOS.xctest */;
			productType = "com.apple.product-type.bundle.ui-testing";
		};
		5440361D27CD352C008C2683 /* Tests macOS */ = {
			isa = PBXNativeTarget;
			buildConfigurationList = 5440363727CD352C008C2683 /* Build configuration list for PBXNativeTarget "Tests macOS" */;
			buildPhases = (
				5440361A27CD352C008C2683 /* Sources */,
				5440361B27CD352C008C2683 /* Frameworks */,
				5440361C27CD352C008C2683 /* Resources */,
			);
			buildRules = (
			);
			dependencies = (
				5440362027CD352C008C2683 /* PBXTargetDependency */,
			);
			name = "Tests macOS";
			productName = "Tests macOS";
			productReference = 5440361E27CD352C008C2683 /* Tests macOS.xctest */;
			productType = "com.apple.product-type.bundle.ui-testing";
		};
/* End PBXNativeTarget section */

/* Begin PBXProject section */
		544035F927CD352B008C2683 /* Project object */ = {
			isa = PBXProject;
			attributes = {
				BuildIndependentTargetsInParallel = 1;
				LastSwiftUpdateCheck = 1320;
				LastUpgradeCheck = 1320;
				TargetAttributes = {
					5440360427CD352C008C2683 = {
						CreatedOnToolsVersion = 13.2.1;
					};
					5440360A27CD352C008C2683 = {
						CreatedOnToolsVersion = 13.2.1;
					};
					5440361127CD352C008C2683 = {
						CreatedOnToolsVersion = 13.2.1;
						TestTargetID = 5440360427CD352C008C2683;
					};
					5440361D27CD352C008C2683 = {
						CreatedOnToolsVersion = 13.2.1;
						TestTargetID = 5440360A27CD352C008C2683;
					};
				};
			};
			buildConfigurationList = 544035FC27CD352B008C2683 /* Build configuration list for PBXProject "sapper" */;
			compatibilityVersion = "Xcode 13.0";
			developmentRegion = en;
			hasScannedForEncodings = 0;
			knownRegions = (
				en,
				Base,
			);
			mainGroup = 544035F827CD352B008C2683;
			productRefGroup = 5440360627CD352C008C2683 /* Products */;
			projectDirPath = "";
			projectRoot = "";
			targets = (
				5440360427CD352C008C2683 /* sapper (iOS) */,
				5440360A27CD352C008C2683 /* sapper (macOS) */,
				5440361127CD352C008C2683 /* Tests iOS */,
				5440361D27CD352C008C2683 /* Tests macOS */,
			);
		};
/* End PBXProject section */

/* Begin PBXResourcesBuildPhase section */
		5440360327CD352C008C2683 /* Resources */ = {
			isa = PBXResourcesBuildPhase;
			buildActionMask = 2147483647;
			files = (
				5440362A27CD352C008C2683 /* Assets.xcassets in Resources */,
			);
			runOnlyForDeploymentPostprocessing = 0;
		};
		5440360927CD352C008C2683 /* Resources */ = {
			isa = PBXResourcesBuildPhase;
			buildActionMask = 2147483647;
			files = (
				5440362B27CD352C008C2683 /* Assets.xcassets in Resources */,
			);
			runOnlyForDeploymentPostprocessing = 0;
		};
		5440361027CD352C008C2683 /* Resources */ = {
			isa = PBXResourcesBuildPhase;
			buildActionMask = 2147483647;
			files = (
			);
			runOnlyForDeploymentPostprocessing = 0;
		};
		5440361C27CD352C008C2683 /* Resources */ = {
			isa = PBXResourcesBuildPhase;
			buildActionMask = 2147483647;
			files = (
			);
			runOnlyForDeploymentPostprocessing = 0;
		};
/* End PBXResourcesBuildPhase section */

/* Begin PBXSourcesBuildPhase section */
		5440360127CD352C008C2683 /* Sources */ = {
			isa = PBXSourcesBuildPhase;
			buildActionMask = 2147483647;
			files = (
				5440364127CD602C008C2683 /* Game.swift in Sources */,
				5453200A27D004F100275E36 /* ContentView.swift in Sources */,
				5453201027D00B9000275E36 /* iOSView.swift in Sources */,
				5440363E27CD3D82008C2683 /* Cell.swift in Sources */,
				5440363B27CD359F008C2683 /* FieldView.swift in Sources */,
				5453201327D00F2700275E36 /* Field.swift in Sources */,
				5440362627CD352C008C2683 /* sapperApp.swift in Sources */,
			);
			runOnlyForDeploymentPostprocessing = 0;
		};
		5440360727CD352C008C2683 /* Sources */ = {
			isa = PBXSourcesBuildPhase;
			buildActionMask = 2147483647;
			files = (
				5440364227CD602C008C2683 /* Game.swift in Sources */,
				5453200B27D004F100275E36 /* ContentView.swift in Sources */,
				5440363F27CD3D82008C2683 /* Cell.swift in Sources */,
				5440363C27CD359F008C2683 /* FieldView.swift in Sources */,
				5453200E27D00B3100275E36 /* macOSView.swift in Sources */,
				5453201427D00F2700275E36 /* Field.swift in Sources */,
				5440362727CD352C008C2683 /* sapperApp.swift in Sources */,
			);
			runOnlyForDeploymentPostprocessing = 0;
		};
		5440360E27CD352C008C2683 /* Sources */ = {
			isa = PBXSourcesBuildPhase;
			buildActionMask = 2147483647;
			files = (
				5440361927CD352C008C2683 /* Tests_iOSLaunchTests.swift in Sources */,
				5440361727CD352C008C2683 /* Tests_iOS.swift in Sources */,
			);
			runOnlyForDeploymentPostprocessing = 0;
		};
		5440361A27CD352C008C2683 /* Sources */ = {
			isa = PBXSourcesBuildPhase;
			buildActionMask = 2147483647;
			files = (
				5440362527CD352C008C2683 /* Tests_macOSLaunchTests.swift in Sources */,
				5440362327CD352C008C2683 /* Tests_macOS.swift in Sources */,
			);
			runOnlyForDeploymentPostprocessing = 0;
		};
/* End PBXSourcesBuildPhase section */

/* Begin PBXTargetDependency section */
		5440361427CD352C008C2683 /* PBXTargetDependency */ = {
			isa = PBXTargetDependency;
			target = 5440360427CD352C008C2683 /* sapper (iOS) */;
			targetProxy = 5440361327CD352C008C2683 /* PBXContainerItemProxy */;
		};
		5440362027CD352C008C2683 /* PBXTargetDependency */ = {
			isa = PBXTargetDependency;
			target = 5440360A27CD352C008C2683 /* sapper (macOS) */;
			targetProxy = 5440361F27CD352C008C2683 /* PBXContainerItemProxy */;
		};
/* End PBXTargetDependency section */

/* Begin XCBuildConfiguration section */
		5440362C27CD352C008C2683 /* Debug */ = {
			isa = XCBuildConfiguration;
			buildSettings = {
				ALWAYS_SEARCH_USER_PATHS = NO;
				CLANG_ANALYZER_NONNULL = YES;
				CLANG_ANALYZER_NUMBER_OBJECT_CONVERSION = YES_AGGRESSIVE;
				CLANG_CXX_LANGUAGE_STANDARD = "gnu++17";
				CLANG_CXX_LIBRARY = "libc++";
				CLANG_ENABLE_MODULES = YES;
				CLANG_ENABLE_OBJC_ARC = YES;
				CLANG_ENABLE_OBJC_WEAK = YES;
				CLANG_WARN_BLOCK_CAPTURE_AUTORELEASING = YES;
				CLANG_WARN_BOOL_CONVERSION = YES;
				CLANG_WARN_COMMA = YES;
				CLANG_WARN_CONSTANT_CONVERSION = YES;
				CLANG_WARN_DEPRECATED_OBJC_IMPLEMENTATIONS = YES;
				CLANG_WARN_DIRECT_OBJC_ISA_USAGE = YES_ERROR;
				CLANG_WARN_DOCUMENTATION_COMMENTS = YES;
				CLANG_WARN_EMPTY_BODY = YES;
				CLANG_WARN_ENUM_CONVERSION = YES;
				CLANG_WARN_INFINITE_RECURSION = YES;
				CLANG_WARN_INT_CONVERSION = YES;
				CLANG_WARN_NON_LITERAL_NULL_CONVERSION = YES;
				CLANG_WARN_OBJC_IMPLICIT_RETAIN_SELF = YES;
				CLANG_WARN_OBJC_LITERAL_CONVERSION = YES;
				CLANG_WARN_OBJC_ROOT_CLASS = YES_ERROR;
				CLANG_WARN_QUOTED_INCLUDE_IN_FRAMEWORK_HEADER = YES;
				CLANG_WARN_RANGE_LOOP_ANALYSIS = YES;
				CLANG_WARN_STRICT_PROTOTYPES = YES;
				CLANG_WARN_SUSPICIOUS_MOVE = YES;
				CLANG_WARN_UNGUARDED_AVAILABILITY = YES_AGGRESSIVE;
				CLANG_WARN_UNREACHABLE_CODE = YES;
				CLANG_WARN__DUPLICATE_METHOD_MATCH = YES;
				COPY_PHASE_STRIP = NO;
				DEBUG_INFORMATION_FORMAT = dwarf;
				ENABLE_STRICT_OBJC_MSGSEND = YES;
				ENABLE_TESTABILITY = YES;
				GCC_C_LANGUAGE_STANDARD = gnu11;
				GCC_DYNAMIC_NO_PIC = NO;
				GCC_NO_COMMON_BLOCKS = YES;
				GCC_OPTIMIZATION_LEVEL = 0;
				GCC_PREPROCESSOR_DEFINITIONS = (
					"DEBUG=1",
					"$(inherited)",
				);
				GCC_WARN_64_TO_32_BIT_CONVERSION = YES;
				GCC_WARN_ABOUT_RETURN_TYPE = YES_ERROR;
				GCC_WARN_UNDECLARED_SELECTOR = YES;
				GCC_WARN_UNINITIALIZED_AUTOS = YES_AGGRESSIVE;
				GCC_WARN_UNUSED_FUNCTION = YES;
				GCC_WARN_UNUSED_VARIABLE = YES;
				MTL_ENABLE_DEBUG_INFO = INCLUDE_SOURCE;
				MTL_FAST_MATH = YES;
				ONLY_ACTIVE_ARCH = YES;
				SWIFT_ACTIVE_COMPILATION_CONDITIONS = DEBUG;
				SWIFT_OPTIMIZATION_LEVEL = "-Onone";
			};
			name = Debug;
		};
		5440362D27CD352C008C2683 /* Release */ = {
			isa = XCBuildConfiguration;
			buildSettings = {
				ALWAYS_SEARCH_USER_PATHS = NO;
				CLANG_ANALYZER_NONNULL = YES;
				CLANG_ANALYZER_NUMBER_OBJECT_CONVERSION = YES_AGGRESSIVE;
				CLANG_CXX_LANGUAGE_STANDARD = "gnu++17";
				CLANG_CXX_LIBRARY = "libc++";
				CLANG_ENABLE_MODULES = YES;
				CLANG_ENABLE_OBJC_ARC = YES;
				CLANG_ENABLE_OBJC_WEAK = YES;
				CLANG_WARN_BLOCK_CAPTURE_AUTORELEASING = YES;
				CLANG_WARN_BOOL_CONVERSION = YES;
				CLANG_WARN_COMMA = YES;
				CLANG_WARN_CONSTANT_CONVERSION = YES;
				CLANG_WARN_DEPRECATED_OBJC_IMPLEMENTATIONS = YES;
				CLANG_WARN_DIRECT_OBJC_ISA_USAGE = YES_ERROR;
				CLANG_WARN_DOCUMENTATION_COMMENTS = YES;
				CLANG_WARN_EMPTY_BODY = YES;
				CLANG_WARN_ENUM_CONVERSION = YES;
				CLANG_WARN_INFINITE_RECURSION = YES;
				CLANG_WARN_INT_CONVERSION = YES;
				CLANG_WARN_NON_LITERAL_NULL_CONVERSION = YES;
				CLANG_WARN_OBJC_IMPLICIT_RETAIN_SELF = YES;
				CLANG_WARN_OBJC_LITERAL_CONVERSION = YES;
				CLANG_WARN_OBJC_ROOT_CLASS = YES_ERROR;
				CLANG_WARN_QUOTED_INCLUDE_IN_FRAMEWORK_HEADER = YES;
				CLANG_WARN_RANGE_LOOP_ANALYSIS = YES;
				CLANG_WARN_STRICT_PROTOTYPES = YES;
				CLANG_WARN_SUSPICIOUS_MOVE = YES;
				CLANG_WARN_UNGUARDED_AVAILABILITY = YES_AGGRESSIVE;
				CLANG_WARN_UNREACHABLE_CODE = YES;
				CLANG_WARN__DUPLICATE_METHOD_MATCH = YES;
				COPY_PHASE_STRIP = NO;
				DEBUG_INFORMATION_FORMAT = "dwarf-with-dsym";
				ENABLE_NS_ASSERTIONS = NO;
				ENABLE_STRICT_OBJC_MSGSEND = YES;
				GCC_C_LANGUAGE_STANDARD = gnu11;
				GCC_NO_COMMON_BLOCKS = YES;
				GCC_WARN_64_TO_32_BIT_CONVERSION = YES;
				GCC_WARN_ABOUT_RETURN_TYPE = YES_ERROR;
				GCC_WARN_UNDECLARED_SELECTOR = YES;
				GCC_WARN_UNINITIALIZED_AUTOS = YES_AGGRESSIVE;
				GCC_WARN_UNUSED_FUNCTION = YES;
				GCC_WARN_UNUSED_VARIABLE = YES;
				MTL_ENABLE_DEBUG_INFO = NO;
				MTL_FAST_MATH = YES;
				SWIFT_COMPILATION_MODE = wholemodule;
				SWIFT_OPTIMIZATION_LEVEL = "-O";
			};
			name = Release;
		};
		5440362F27CD352C008C2683 /* Debug */ = {
			isa = XCBuildConfiguration;
			buildSettings = {
				ASSETCATALOG_COMPILER_APPICON_NAME = AppIcon;
				ASSETCATALOG_COMPILER_GLOBAL_ACCENT_COLOR_NAME = AccentColor;
				CODE_SIGN_STYLE = Automatic;
				CURRENT_PROJECT_VERSION = 1;
				DEVELOPMENT_TEAM = 7T4GGJ9U98;
				ENABLE_PREVIEWS = YES;
				GENERATE_INFOPLIST_FILE = YES;
				INFOPLIST_KEY_UIApplicationSceneManifest_Generation = YES;
				INFOPLIST_KEY_UIApplicationSupportsIndirectInputEvents = YES;
				INFOPLIST_KEY_UILaunchScreen_Generation = YES;
				INFOPLIST_KEY_UISupportedInterfaceOrientations_iPad = "UIInterfaceOrientationPortrait UIInterfaceOrientationPortraitUpsideDown UIInterfaceOrientationLandscapeLeft UIInterfaceOrientationLandscapeRight";
				INFOPLIST_KEY_UISupportedInterfaceOrientations_iPhone = "UIInterfaceOrientationPortrait UIInterfaceOrientationLandscapeLeft UIInterfaceOrientationLandscapeRight";
				IPHONEOS_DEPLOYMENT_TARGET = 15.2;
				LD_RUNPATH_SEARCH_PATHS = (
					"$(inherited)",
					"@executable_path/Frameworks",
				);
				MARKETING_VERSION = 1.0;
				PRODUCT_BUNDLE_IDENTIFIER = com.mynimef.sapper;
				PRODUCT_NAME = sapper;
				SDKROOT = iphoneos;
				SWIFT_EMIT_LOC_STRINGS = YES;
				SWIFT_VERSION = 5.0;
				TARGETED_DEVICE_FAMILY = "1,2";
			};
			name = Debug;
		};
		5440363027CD352C008C2683 /* Release */ = {
			isa = XCBuildConfiguration;
			buildSettings = {
				ASSETCATALOG_COMPILER_APPICON_NAME = AppIcon;
				ASSETCATALOG_COMPILER_GLOBAL_ACCENT_COLOR_NAME = AccentColor;
				CODE_SIGN_STYLE = Automatic;
				CURRENT_PROJECT_VERSION = 1;
				DEVELOPMENT_TEAM = 7T4GGJ9U98;
				ENABLE_PREVIEWS = YES;
				GENERATE_INFOPLIST_FILE = YES;
				INFOPLIST_KEY_UIApplicationSceneManifest_Generation = YES;
				INFOPLIST_KEY_UIApplicationSupportsIndirectInputEvents = YES;
				INFOPLIST_KEY_UILaunchScreen_Generation = YES;
				INFOPLIST_KEY_UISupportedInterfaceOrientations_iPad = "UIInterfaceOrientationPortrait UIInterfaceOrientationPortraitUpsideDown UIInterfaceOrientationLandscapeLeft UIInterfaceOrientationLandscapeRight";
				INFOPLIST_KEY_UISupportedInterfaceOrientations_iPhone = "UIInterfaceOrientationPortrait UIInterfaceOrientationLandscapeLeft UIInterfaceOrientationLandscapeRight";
				IPHONEOS_DEPLOYMENT_TARGET = 15.2;
				LD_RUNPATH_SEARCH_PATHS = (
					"$(inherited)",
					"@executable_path/Frameworks",
				);
				MARKETING_VERSION = 1.0;
				PRODUCT_BUNDLE_IDENTIFIER = com.mynimef.sapper;
				PRODUCT_NAME = sapper;
				SDKROOT = iphoneos;
				SWIFT_EMIT_LOC_STRINGS = YES;
				SWIFT_VERSION = 5.0;
				TARGETED_DEVICE_FAMILY = "1,2";
				VALIDATE_PRODUCT = YES;
			};
			name = Release;
		};
		5440363227CD352C008C2683 /* Debug */ = {
			isa = XCBuildConfiguration;
			buildSettings = {
				ASSETCATALOG_COMPILER_APPICON_NAME = AppIcon;
				ASSETCATALOG_COMPILER_GLOBAL_ACCENT_COLOR_NAME = AccentColor;
				CODE_SIGN_ENTITLEMENTS = macOS/macOS.entitlements;
				CODE_SIGN_STYLE = Automatic;
				COMBINE_HIDPI_IMAGES = YES;
				CURRENT_PROJECT_VERSION = 1;
				DEVELOPMENT_TEAM = 7T4GGJ9U98;
				ENABLE_HARDENED_RUNTIME = YES;
				ENABLE_PREVIEWS = YES;
				GENERATE_INFOPLIST_FILE = YES;
				INFOPLIST_KEY_NSHumanReadableCopyright = "";
				LD_RUNPATH_SEARCH_PATHS = (
					"$(inherited)",
					"@executable_path/../Frameworks",
				);
				MACOSX_DEPLOYMENT_TARGET = 12.1;
				MARKETING_VERSION = 1.0;
				PRODUCT_BUNDLE_IDENTIFIER = com.mynimef.sapper;
				PRODUCT_NAME = sapper;
				SDKROOT = macosx;
				SWIFT_EMIT_LOC_STRINGS = YES;
				SWIFT_VERSION = 5.0;
			};
			name = Debug;
		};
		5440363327CD352C008C2683 /* Release */ = {
			isa = XCBuildConfiguration;
			buildSettings = {
				ASSETCATALOG_COMPILER_APPICON_NAME = AppIcon;
				ASSETCATALOG_COMPILER_GLOBAL_ACCENT_COLOR_NAME = AccentColor;
				CODE_SIGN_ENTITLEMENTS = macOS/macOS.entitlements;
				CODE_SIGN_STYLE = Automatic;
				COMBINE_HIDPI_IMAGES = YES;
				CURRENT_PROJECT_VERSION = 1;
				DEVELOPMENT_TEAM = 7T4GGJ9U98;
				ENABLE_HARDENED_RUNTIME = YES;
				ENABLE_PREVIEWS = YES;
				GENERATE_INFOPLIST_FILE = YES;
				INFOPLIST_KEY_NSHumanReadableCopyright = "";
				LD_RUNPATH_SEARCH_PATHS = (
					"$(inherited)",
					"@executable_path/../Frameworks",
				);
				MACOSX_DEPLOYMENT_TARGET = 12.1;
				MARKETING_VERSION = 1.0;
				PRODUCT_BUNDLE_IDENTIFIER = com.mynimef.sapper;
				PRODUCT_NAME = sapper;
				SDKROOT = macosx;
				SWIFT_EMIT_LOC_STRINGS = YES;
				SWIFT_VERSION = 5.0;
			};
			name = Release;
		};
		5440363527CD352C008C2683 /* Debug */ = {
			isa = XCBuildConfiguration;
			buildSettings = {
				ALWAYS_EMBED_SWIFT_STANDARD_LIBRARIES = YES;
				CODE_SIGN_STYLE = Automatic;
				CURRENT_PROJECT_VERSION = 1;
				DEVELOPMENT_TEAM = 7T4GGJ9U98;
				GENERATE_INFOPLIST_FILE = YES;
				IPHONEOS_DEPLOYMENT_TARGET = 15.2;
				MARKETING_VERSION = 1.0;
				PRODUCT_BUNDLE_IDENTIFIER = "com.mynimef.Tests-iOS";
				PRODUCT_NAME = "$(TARGET_NAME)";
				SDKROOT = iphoneos;
				SWIFT_EMIT_LOC_STRINGS = NO;
				SWIFT_VERSION = 5.0;
				TARGETED_DEVICE_FAMILY = "1,2";
				TEST_TARGET_NAME = "sapper (iOS)";
			};
			name = Debug;
		};
		5440363627CD352C008C2683 /* Release */ = {
			isa = XCBuildConfiguration;
			buildSettings = {
				ALWAYS_EMBED_SWIFT_STANDARD_LIBRARIES = YES;
				CODE_SIGN_STYLE = Automatic;
				CURRENT_PROJECT_VERSION = 1;
				DEVELOPMENT_TEAM = 7T4GGJ9U98;
				GENERATE_INFOPLIST_FILE = YES;
				IPHONEOS_DEPLOYMENT_TARGET = 15.2;
				MARKETING_VERSION = 1.0;
				PRODUCT_BUNDLE_IDENTIFIER = "com.mynimef.Tests-iOS";
				PRODUCT_NAME = "$(TARGET_NAME)";
				SDKROOT = iphoneos;
				SWIFT_EMIT_LOC_STRINGS = NO;
				SWIFT_VERSION = 5.0;
				TARGETED_DEVICE_FAMILY = "1,2";
				TEST_TARGET_NAME = "sapper (iOS)";
				VALIDATE_PRODUCT = YES;
			};
			name = Release;
		};
		5440363827CD352C008C2683 /* Debug */ = {
			isa = XCBuildConfiguration;
			buildSettings = {
				ALWAYS_EMBED_SWIFT_STANDARD_LIBRARIES = YES;
				CODE_SIGN_STYLE = Automatic;
				CURRENT_PROJECT_VERSION = 1;
				DEVELOPMENT_TEAM = 7T4GGJ9U98;
				GENERATE_INFOPLIST_FILE = YES;
				MACOSX_DEPLOYMENT_TARGET = 12.1;
				MARKETING_VERSION = 1.0;
				PRODUCT_BUNDLE_IDENTIFIER = "com.mynimef.Tests-macOS";
				PRODUCT_NAME = "$(TARGET_NAME)";
				SDKROOT = macosx;
				SWIFT_EMIT_LOC_STRINGS = NO;
				SWIFT_VERSION = 5.0;
				TEST_TARGET_NAME = "sapper (macOS)";
			};
			name = Debug;
		};
		5440363927CD352C008C2683 /* Release */ = {
			isa = XCBuildConfiguration;
			buildSettings = {
				ALWAYS_EMBED_SWIFT_STANDARD_LIBRARIES = YES;
				CODE_SIGN_STYLE = Automatic;
				CURRENT_PROJECT_VERSION = 1;
				DEVELOPMENT_TEAM = 7T4GGJ9U98;
				GENERATE_INFOPLIST_FILE = YES;
				MACOSX_DEPLOYMENT_TARGET = 12.1;
				MARKETING_VERSION = 1.0;
				PRODUCT_BUNDLE_IDENTIFIER = "com.mynimef.Tests-macOS";
				PRODUCT_NAME = "$(TARGET_NAME)";
				SDKROOT = macosx;
				SWIFT_EMIT_LOC_STRINGS = NO;
				SWIFT_VERSION = 5.0;
				TEST_TARGET_NAME = "sapper (macOS)";
			};
			name = Release;
		};
/* End XCBuildConfiguration section */

/* Begin XCConfigurationList section */
		544035FC27CD352B008C2683 /* Build configuration list for PBXProject "sapper" */ = {
			isa = XCConfigurationList;
			buildConfigurations = (
				5440362C27CD352C008C2683 /* Debug */,
				5440362D27CD352C008C2683 /* Release */,
			);
			defaultConfigurationIsVisible = 0;
			defaultConfigurationName = Release;
		};
		5440362E27CD352C008C2683 /* Build configuration list for PBXNativeTarget "sapper (iOS)" */ = {
			isa = XCConfigurationList;
			buildConfigurations = (
				5440362F27CD352C008C2683 /* Debug */,
				5440363027CD352C008C2683 /* Release */,
			);
			defaultConfigurationIsVisible = 0;
			defaultConfigurationName = Release;
		};
		5440363127CD352C008C2683 /* Build configuration list for PBXNativeTarget "sapper (macOS)" */ = {
			isa = XCConfigurationList;
			buildConfigurations = (
				5440363227CD352C008C2683 /* Debug */,
				5440363327CD352C008C2683 /* Release */,
			);
			defaultConfigurationIsVisible = 0;
			defaultConfigurationName = Release;
		};
		5440363427CD352C008C2683 /* Build configuration list for PBXNativeTarget "Tests iOS" */ = {
			isa = XCConfigurationList;
			buildConfigurations = (
				5440363527CD352C008C2683 /* Debug */,
				5440363627CD352C008C2683 /* Release */,
			);
			defaultConfigurationIsVisible = 0;
			defaultConfigurationName = Release;
		};
		5440363727CD352C008C2683 /* Build configuration list for PBXNativeTarget "Tests macOS" */ = {
			isa = XCConfigurationList;
			buildConfigurations = (
				5440363827CD352C008C2683 /* Debug */,
				5440363927CD352C008C2683 /* Release */,
			);
			defaultConfigurationIsVisible = 0;
			defaultConfigurationName = Release;
		};
/* End XCConfigurationList section */
	};
	rootObject = 544035F927CD352B008C2683 /* Project object */;
}
